
Microsoft Visual Studio Solution File, Format Version 12.00
# Visual Studio Version 17
VisualStudioVersion = 17.0.32014.148
MinimumVisualStudioVersion = 10.0.40219.1
Project("{9A19103F-16F7-4668-BE54-9A1E7A4F7556}") = "XUnitTestProject1", "XUnitTestProject1\XUnitTestProject1.csproj", "{18FD54D0-E6CD-4EB0-B5AC-B28F02A2815E}"
EndProject
Project("{2150E333-8FDC-42A3-9474-1A3956D46DE8}") = "Solution Items", "Solution Items", "{D7E0ADCD-1AD9-4E26-BF78-5AFFA01A5094}"
	ProjectSection(SolutionItems) = preProject
		.editorconfig = .editorconfig
	EndProjectSection
EndProject
Global
	GlobalSection(SolutionConfigurationPlatforms) = preSolution
		Debug|Any CPU = Debug|Any CPU
		Release|Any CPU = Release|Any CPU
	EndGlobalSection
	GlobalSection(ProjectConfigurationPlatforms) = postSolution
		{18FD54D0-E6CD-4EB0-B5AC-B28F02A2815E}.Debug|Any CPU.ActiveCfg = Debug|Any CPU
		{18FD54D0-E6CD-4EB0-B5AC-B28F02A2815E}.Debug|Any CPU.Build.0 = Debug|Any CPU
		{18FD54D0-E6CD-4EB0-B5AC-B28F02A2815E}.Release|Any CPU.ActiveCfg = Release|Any CPU
		{18FD54D0-E6CD-4EB0-B5AC-B28F02A2815E}.Release|Any CPU.Build.0 = Release|Any CPU
	EndGlobalSection
	GlobalSection(SolutionProperties) = preSolution
		HideSolutionNode = FALSE
	EndGlobalSection
	GlobalSection(ExtensibilityGlobals) = postSolution
		SolutionGuid = {0B82AE93-774E-4F4A-AB68-47EE771B4CB7}
	EndGlobalSection
EndGlobal
